
Microsoft Visual Studio Solution File, Format Version 12.00
# Visual Studio Version 17
VisualStudioVersion = 17.0.31903.59
MinimumVisualStudioVersion = 10.0.40219.1
Project("{FAE04EC0-301F-11D3-BF4B-00C04F79EFBC}") = "NCneticCore.Net6", "NCneticCore.Net6\NCneticCore.Net6.csproj", "{DE50545C-B54F-40B9-8FE5-445B7260CB0F}"
EndProject
Project("{FAE04EC0-301F-11D3-BF4B-00C04F79EFBC}") = "NCneticCore.View.Net6", "NCneticCore.View.Net6\NCneticCore.View.Net6.csproj", "{F8EAF0CA-030D-4A31-B43A-97304F6AF225}"
EndProject
Project("{FAE04EC0-301F-11D3-BF4B-00C04F79EFBC}") = "NCneticStandalone", "NCneticStandalone\NCneticStandalone.csproj", "{1F5F51C4-EE7E-4405-AF28-7CCECB9109E6}"
EndProject
Global
	GlobalSection(SolutionConfigurationPlatforms) = preSolution
		Debug|Any CPU = Debug|Any CPU
		Release|Any CPU = Release|Any CPU
	EndGlobalSection
	GlobalSection(SolutionProperties) = preSolution
		HideSolutionNode = FALSE
	EndGlobalSection
	GlobalSection(ProjectConfigurationPlatforms) = postSolution
		{DE50545C-B54F-40B9-8FE5-445B7260CB0F}.Debug|Any CPU.ActiveCfg = Debug|Any CPU
		{DE50545C-B54F-40B9-8FE5-445B7260CB0F}.Debug|Any CPU.Build.0 = Debug|Any CPU
		{DE50545C-B54F-40B9-8FE5-445B7260CB0F}.Release|Any CPU.ActiveCfg = Release|Any CPU
		{DE50545C-B54F-40B9-8FE5-445B7260CB0F}.Release|Any CPU.Build.0 = Release|Any CPU
		{F8EAF0CA-030D-4A31-B43A-97304F6AF225}.Debug|Any CPU.ActiveCfg = Debug|Any CPU
		{F8EAF0CA-030D-4A31-B43A-97304F6AF225}.Debug|Any CPU.Build.0 = Debug|Any CPU
		{F8EAF0CA-030D-4A31-B43A-97304F6AF225}.Release|Any CPU.ActiveCfg = Release|Any CPU
		{F8EAF0CA-030D-4A31-B43A-97304F6AF225}.Release|Any CPU.Build.0 = Release|Any CPU
		{1F5F51C4-EE7E-4405-AF28-7CCECB9109E6}.Debug|Any CPU.ActiveCfg = Debug|Any CPU
		{1F5F51C4-EE7E-4405-AF28-7CCECB9109E6}.Debug|Any CPU.Build.0 = Debug|Any CPU
		{1F5F51C4-EE7E-4405-AF28-7CCECB9109E6}.Release|Any CPU.ActiveCfg = Release|Any CPU
		{1F5F51C4-EE7E-4405-AF28-7CCECB9109E6}.Release|Any CPU.Build.0 = Release|Any CPU
	EndGlobalSection
EndGlobal
